
Microsoft Visual Studio Solution File, Format Version 12.00
# Visual Studio 15
VisualStudioVersion = 15.0.27703.2035
MinimumVisualStudioVersion = 10.0.40219.1
Project("{A0786B88-2ADB-4C21-ABE8-AA2D79766269}") = "adianti", "adianti.phpproj", "{0422D1BC-2572-49B4-83C7-5C9BCB49FEAD}"
EndProject
Global
	GlobalSection(SolutionConfigurationPlatforms) = preSolution
		Debug|Any CPU = Debug|Any CPU
		Release|Any CPU = Release|Any CPU
	EndGlobalSection
	GlobalSection(ProjectConfigurationPlatforms) = postSolution
		{0422D1BC-2572-49B4-83C7-5C9BCB49FEAD}.Debug|Any CPU.ActiveCfg = Debug|Any CPU
		{0422D1BC-2572-49B4-83C7-5C9BCB49FEAD}.Release|Any CPU.ActiveCfg = Release|Any CPU
	EndGlobalSection
	GlobalSection(SolutionProperties) = preSolution
		HideSolutionNode = FALSE
	EndGlobalSection
	GlobalSection(ExtensibilityGlobals) = postSolution
		SolutionGuid = {F3CCDC8C-6E94-4300-89F8-7C88AE1AC10A}
	EndGlobalSection
EndGlobal
